
Microsoft Visual Studio Solution File, Format Version 12.00
# Visual Studio 14
VisualStudioVersion = 14.0.25420.1
MinimumVisualStudioVersion = 10.0.40219.1
Project("{FAE04EC0-301F-11D3-BF4B-00C04F79EFBC}") = "ImageToCloudService", "ImageToCloudService\ImageToCloudService.csproj", "{CE516796-B3CE-4F4D-8C2B-B9E8A06129E2}"
EndProject
Project("{FAE04EC0-301F-11D3-BF4B-00C04F79EFBC}") = "RescueManager", "RescueManager\RescueManager\RescueManager.csproj", "{26040E01-FA33-48A1-8E21-E79B1AF978BB}"
EndProject
Project("{FAE04EC0-301F-11D3-BF4B-00C04F79EFBC}") = "RescueManager.Droid", "RescueManager\RescueManager.Droid\RescueManager.Droid.csproj", "{1A678EF4-9401-45F7-88E0-26D5BBA69F6E}"
EndProject
Project("{FAE04EC0-301F-11D3-BF4B-00C04F79EFBC}") = "RescueManager.iOS", "RescueManager\RescueManager.iOS\RescueManager.iOS.csproj", "{FA71F7A3-FDF4-4DE9-9678-757964603151}"
EndProject
Project("{FAE04EC0-301F-11D3-BF4B-00C04F79EFBC}") = "RescueManager.UWP", "RescueManager\RescueManager.UWP\RescueManager.UWP.csproj", "{0AB6B073-2F74-4FA1-81A2-9293B38C5FC6}"
EndProject
Global
	GlobalSection(SolutionConfigurationPlatforms) = preSolution
		Ad-Hoc|Any CPU = Ad-Hoc|Any CPU
		Ad-Hoc|ARM = Ad-Hoc|ARM
		Ad-Hoc|iPhone = Ad-Hoc|iPhone
		Ad-Hoc|iPhoneSimulator = Ad-Hoc|iPhoneSimulator
		Ad-Hoc|x64 = Ad-Hoc|x64
		Ad-Hoc|x86 = Ad-Hoc|x86
		AppStore|Any CPU = AppStore|Any CPU
		AppStore|ARM = AppStore|ARM
		AppStore|iPhone = AppStore|iPhone
		AppStore|iPhoneSimulator = AppStore|iPhoneSimulator
		AppStore|x64 = AppStore|x64
		AppStore|x86 = AppStore|x86
		Debug|Any CPU = Debug|Any CPU
		Debug|ARM = Debug|ARM
		Debug|iPhone = Debug|iPhone
		Debug|iPhoneSimulator = Debug|iPhoneSimulator
		Debug|x64 = Debug|x64
		Debug|x86 = Debug|x86
		Release|Any CPU = Release|Any CPU
		Release|ARM = Release|ARM
		Release|iPhone = Release|iPhone
		Release|iPhoneSimulator = Release|iPhoneSimulator
		Release|x64 = Release|x64
		Release|x86 = Release|x86
	EndGlobalSection
	GlobalSection(ProjectConfigurationPlatforms) = postSolution
		{CE516796-B3CE-4F4D-8C2B-B9E8A06129E2}.Ad-Hoc|Any CPU.ActiveCfg = Release|Any CPU
		{CE516796-B3CE-4F4D-8C2B-B9E8A06129E2}.Ad-Hoc|Any CPU.Build.0 = Release|Any CPU
		{CE516796-B3CE-4F4D-8C2B-B9E8A06129E2}.Ad-Hoc|ARM.ActiveCfg = Release|Any CPU
		{CE516796-B3CE-4F4D-8C2B-B9E8A06129E2}.Ad-Hoc|ARM.Build.0 = Release|Any CPU
		{CE516796-B3CE-4F4D-8C2B-B9E8A06129E2}.Ad-Hoc|iPhone.ActiveCfg = Release|Any CPU
		{CE516796-B3CE-4F4D-8C2B-B9E8A06129E2}.Ad-Hoc|iPhone.Build.0 = Release|Any CPU
		{CE516796-B3CE-4F4D-8C2B-B9E8A06129E2}.Ad-Hoc|iPhoneSimulator.ActiveCfg = Release|Any CPU
		{CE516796-B3CE-4F4D-8C2B-B9E8A06129E2}.Ad-Hoc|iPhoneSimulator.Build.0 = Release|Any CPU
		{CE516796-B3CE-4F4D-8C2B-B9E8A06129E2}.Ad-Hoc|x64.ActiveCfg = Release|Any CPU
		{CE516796-B3CE-4F4D-8C2B-B9E8A06129E2}.Ad-Hoc|x64.Build.0 = Release|Any CPU
		{CE516796-B3CE-4F4D-8C2B-B9E8A06129E2}.Ad-Hoc|x86.ActiveCfg = Release|Any CPU
		{CE516796-B3CE-4F4D-8C2B-B9E8A06129E2}.Ad-Hoc|x86.Build.0 = Release|Any CPU
		{CE516796-B3CE-4F4D-8C2B-B9E8A06129E2}.AppStore|Any CPU.ActiveCfg = Release|Any CPU
		{CE516796-B3CE-4F4D-8C2B-B9E8A06129E2}.AppStore|Any CPU.Build.0 = Release|Any CPU
		{CE516796-B3CE-4F4D-8C2B-B9E8A06129E2}.AppStore|ARM.ActiveCfg = Release|Any CPU
		{CE516796-B3CE-4F4D-8C2B-B9E8A06129E2}.AppStore|ARM.Build.0 = Release|Any CPU
		{CE516796-B3CE-4F4D-8C2B-B9E8A06129E2}.AppStore|iPhone.ActiveCfg = Release|Any CPU
		{CE516796-B3CE-4F4D-8C2B-B9E8A06129E2}.AppStore|iPhone.Build.0 = Release|Any CPU
		{CE516796-B3CE-4F4D-8C2B-B9E8A06129E2}.AppStore|iPhoneSimulator.ActiveCfg = Release|Any CPU
		{CE516796-B3CE-4F4D-8C2B-B9E8A06129E2}.AppStore|iPhoneSimulator.Build.0 = Release|Any CPU
		{CE516796-B3CE-4F4D-8C2B-B9E8A06129E2}.AppStore|x64.ActiveCfg = Release|Any CPU
		{CE516796-B3CE-4F4D-8C2B-B9E8A06129E2}.AppStore|x64.Build.0 = Release|Any CPU
		{CE516796-B3CE-4F4D-8C2B-B9E8A06129E2}.AppStore|x86.ActiveCfg = Release|Any CPU
		{CE516796-B3CE-4F4D-8C2B-B9E8A06129E2}.AppStore|x86.Build.0 = Release|Any CPU
		{CE516796-B3CE-4F4D-8C2B-B9E8A06129E2}.Debug|Any CPU.ActiveCfg = Debug|Any CPU
		{CE516796-B3CE-4F4D-8C2B-B9E8A06129E2}.Debug|Any CPU.Build.0 = Debug|Any CPU
		{CE516796-B3CE-4F4D-8C2B-B9E8A06129E2}.Debug|ARM.ActiveCfg = Debug|Any CPU
		{CE516796-B3CE-4F4D-8C2B-B9E8A06129E2}.Debug|ARM.Build.0 = Debug|Any CPU
		{CE516796-B3CE-4F4D-8C2B-B9E8A06129E2}.Debug|iPhone.ActiveCfg = Debug|Any CPU
		{CE516796-B3CE-4F4D-8C2B-B9E8A06129E2}.Debug|iPhone.Build.0 = Debug|Any CPU
		{CE516796-B3CE-4F4D-8C2B-B9E8A06129E2}.Debug|iPhoneSimulator.ActiveCfg = Debug|Any CPU
		{CE516796-B3CE-4F4D-8C2B-B9E8A06129E2}.Debug|iPhoneSimulator.Build.0 = Debug|Any CPU
		{CE516796-B3CE-4F4D-8C2B-B9E8A06129E2}.Debug|x64.ActiveCfg = Debug|Any CPU
		{CE516796-B3CE-4F4D-8C2B-B9E8A06129E2}.Debug|x64.Build.0 = Debug|Any CPU
		{CE516796-B3CE-4F4D-8C2B-B9E8A06129E2}.Debug|x86.ActiveCfg = Debug|Any CPU
		{CE516796-B3CE-4F4D-8C2B-B9E8A06129E2}.Debug|x86.Build.0 = Debug|Any CPU
		{CE516796-B3CE-4F4D-8C2B-B9E8A06129E2}.Release|Any CPU.ActiveCfg = Release|Any CPU
		{CE516796-B3CE-4F4D-8C2B-B9E8A06129E2}.Release|Any CPU.Build.0 = Release|Any CPU
		{CE516796-B3CE-4F4D-8C2B-B9E8A06129E2}.Release|ARM.ActiveCfg = Release|Any CPU
		{CE516796-B3CE-4F4D-8C2B-B9E8A06129E2}.Release|ARM.Build.0 = Release|Any CPU
		{CE516796-B3CE-4F4D-8C2B-B9E8A06129E2}.Release|iPhone.ActiveCfg = Release|Any CPU
		{CE516796-B3CE-4F4D-8C2B-B9E8A06129E2}.Release|iPhone.Build.0 = Release|Any CPU
		{CE516796-B3CE-4F4D-8C2B-B9E8A06129E2}.Release|iPhoneSimulator.ActiveCfg = Release|Any CPU
		{CE516796-B3CE-4F4D-8C2B-B9E8A06129E2}.Release|iPhoneSimulator.Build.0 = Release|Any CPU
		{CE516796-B3CE-4F4D-8C2B-B9E8A06129E2}.Release|x64.ActiveCfg = Release|Any CPU
		{CE516796-B3CE-4F4D-8C2B-B9E8A06129E2}.Release|x64.Build.0 = Release|Any CPU
		{CE516796-B3CE-4F4D-8C2B-B9E8A06129E2}.Release|x86.ActiveCfg = Release|Any CPU
		{CE516796-B3CE-4F4D-8C2B-B9E8A06129E2}.Release|x86.Build.0 = Release|Any CPU
		{26040E01-FA33-48A1-8E21-E79B1AF978BB}.Ad-Hoc|Any CPU.ActiveCfg = Release|Any CPU
		{26040E01-FA33-48A1-8E21-E79B1AF978BB}.Ad-Hoc|Any CPU.Build.0 = Release|Any CPU
		{26040E01-FA33-48A1-8E21-E79B1AF978BB}.Ad-Hoc|ARM.ActiveCfg = Release|Any CPU
		{26040E01-FA33-48A1-8E21-E79B1AF978BB}.Ad-Hoc|ARM.Build.0 = Release|Any CPU
		{26040E01-FA33-48A1-8E21-E79B1AF978BB}.Ad-Hoc|iPhone.ActiveCfg = Release|Any CPU
		{26040E01-FA33-48A1-8E21-E79B1AF978BB}.Ad-Hoc|iPhone.Build.0 = Release|Any CPU
		{26040E01-FA33-48A1-8E21-E79B1AF978BB}.Ad-Hoc|iPhoneSimulator.ActiveCfg = Release|Any CPU
		{26040E01-FA33-48A1-8E21-E79B1AF978BB}.Ad-Hoc|iPhoneSimulator.Build.0 = Release|Any CPU
		{26040E01-FA33-48A1-8E21-E79B1AF978BB}.Ad-Hoc|x64.ActiveCfg = Release|Any CPU
		{26040E01-FA33-48A1-8E21-E79B1AF978BB}.Ad-Hoc|x64.Build.0 = Release|Any CPU
		{26040E01-FA33-48A1-8E21-E79B1AF978BB}.Ad-Hoc|x86.ActiveCfg = Release|Any CPU
		{26040E01-FA33-48A1-8E21-E79B1AF978BB}.Ad-Hoc|x86.Build.0 = Release|Any CPU
		{26040E01-FA33-48A1-8E21-E79B1AF978BB}.AppStore|Any CPU.ActiveCfg = Release|Any CPU
		{26040E01-FA33-48A1-8E21-E79B1AF978BB}.AppStore|Any CPU.Build.0 = Release|Any CPU
		{26040E01-FA33-48A1-8E21-E79B1AF978BB}.AppStore|ARM.ActiveCfg = Release|Any CPU
		{26040E01-FA33-48A1-8E21-E79B1AF978BB}.AppStore|ARM.Build.0 = Release|Any CPU
		{26040E01-FA33-48A1-8E21-E79B1AF978BB}.AppStore|iPhone.ActiveCfg = Release|Any CPU
		{26040E01-FA33-48A1-8E21-E79B1AF978BB}.AppStore|iPhone.Build.0 = Release|Any CPU
		{26040E01-FA33-48A1-8E21-E79B1AF978BB}.AppStore|iPhoneSimulator.ActiveCfg = Release|Any CPU
		{26040E01-FA33-48A1-8E21-E79B1AF978BB}.AppStore|iPhoneSimulator.Build.0 = Release|Any CPU
		{26040E01-FA33-48A1-8E21-E79B1AF978BB}.AppStore|x64.ActiveCfg = Release|Any CPU
		{26040E01-FA33-48A1-8E21-E79B1AF978BB}.AppStore|x64.Build.0 = Release|Any CPU
		{26040E01-FA33-48A1-8E21-E79B1AF978BB}.AppStore|x86.ActiveCfg = Release|Any CPU
		{26040E01-FA33-48A1-8E21-E79B1AF978BB}.AppStore|x86.Build.0 = Release|Any CPU
		{26040E01-FA33-48A1-8E21-E79B1AF978BB}.Debug|Any CPU.ActiveCfg = Debug|Any CPU
		{26040E01-FA33-48A1-8E21-E79B1AF978BB}.Debug|Any CPU.Build.0 = Debug|Any CPU
		{26040E01-FA33-48A1-8E21-E79B1AF978BB}.Debug|ARM.ActiveCfg = Debug|Any CPU
		{26040E01-FA33-48A1-8E21-E79B1AF978BB}.Debug|ARM.Build.0 = Debug|Any CPU
		{26040E01-FA33-48A1-8E21-E79B1AF978BB}.Debug|iPhone.ActiveCfg = Debug|Any CPU
		{26040E01-FA33-48A1-8E21-E79B1AF978BB}.Debug|iPhone.Build.0 = Debug|Any CPU
		{26040E01-FA33-48A1-8E21-E79B1AF978BB}.Debug|iPhoneSimulator.ActiveCfg = Debug|Any CPU
		{26040E01-FA33-48A1-8E21-E79B1AF978BB}.Debug|iPhoneSimulator.Build.0 = Debug|Any CPU
		{26040E01-FA33-48A1-8E21-E79B1AF978BB}.Debug|x64.ActiveCfg = Debug|Any CPU
		{26040E01-FA33-48A1-8E21-E79B1AF978BB}.Debug|x64.Build.0 = Debug|Any CPU
		{26040E01-FA33-48A1-8E21-E79B1AF978BB}.Debug|x86.ActiveCfg = Debug|Any CPU
		{26040E01-FA33-48A1-8E21-E79B1AF978BB}.Debug|x86.Build.0 = Debug|Any CPU
		{26040E01-FA33-48A1-8E21-E79B1AF978BB}.Release|Any CPU.ActiveCfg = Release|Any CPU
		{26040E01-FA33-48A1-8E21-E79B1AF978BB}.Release|Any CPU.Build.0 = Release|Any CPU
		{26040E01-FA33-48A1-8E21-E79B1AF978BB}.Release|ARM.ActiveCfg = Release|Any CPU
		{26040E01-FA33-48A1-8E21-E79B1AF978BB}.Release|ARM.Build.0 = Release|Any CPU
		{26040E01-FA33-48A1-8E21-E79B1AF978BB}.Release|iPhone.ActiveCfg = Release|Any CPU
		{26040E01-FA33-48A1-8E21-E79B1AF978BB}.Release|iPhone.Build.0 = Release|Any CPU
		{26040E01-FA33-48A1-8E21-E79B1AF978BB}.Release|iPhoneSimulator.ActiveCfg = Release|Any CPU
		{26040E01-FA33-48A1-8E21-E79B1AF978BB}.Release|iPhoneSimulator.Build.0 = Release|Any CPU
		{26040E01-FA33-48A1-8E21-E79B1AF978BB}.Release|x64.ActiveCfg = Release|Any CPU
		{26040E01-FA33-48A1-8E21-E79B1AF978BB}.Release|x64.Build.0 = Release|Any CPU
		{26040E01-FA33-48A1-8E21-E79B1AF978BB}.Release|x86.ActiveCfg = Release|Any CPU
		{26040E01-FA33-48A1-8E21-E79B1AF978BB}.Release|x86.Build.0 = Release|Any CPU
		{1A678EF4-9401-45F7-88E0-26D5BBA69F6E}.Ad-Hoc|Any CPU.ActiveCfg = Release|Any CPU
		{1A678EF4-9401-45F7-88E0-26D5BBA69F6E}.Ad-Hoc|Any CPU.Build.0 = Release|Any CPU
		{1A678EF4-9401-45F7-88E0-26D5BBA69F6E}.Ad-Hoc|Any CPU.Deploy.0 = Release|Any CPU
		{1A678EF4-9401-45F7-88E0-26D5BBA69F6E}.Ad-Hoc|ARM.ActiveCfg = Release|Any CPU
		{1A678EF4-9401-45F7-88E0-26D5BBA69F6E}.Ad-Hoc|ARM.Build.0 = Release|Any CPU
		{1A678EF4-9401-45F7-88E0-26D5BBA69F6E}.Ad-Hoc|ARM.Deploy.0 = Release|Any CPU
		{1A678EF4-9401-45F7-88E0-26D5BBA69F6E}.Ad-Hoc|iPhone.ActiveCfg = Release|Any CPU
		{1A678EF4-9401-45F7-88E0-26D5BBA69F6E}.Ad-Hoc|iPhone.Build.0 = Release|Any CPU
		{1A678EF4-9401-45F7-88E0-26D5BBA69F6E}.Ad-Hoc|iPhone.Deploy.0 = Release|Any CPU
		{1A678EF4-9401-45F7-88E0-26D5BBA69F6E}.Ad-Hoc|iPhoneSimulator.ActiveCfg = Release|Any CPU
		{1A678EF4-9401-45F7-88E0-26D5BBA69F6E}.Ad-Hoc|iPhoneSimulator.Build.0 = Release|Any CPU
		{1A678EF4-9401-45F7-88E0-26D5BBA69F6E}.Ad-Hoc|iPhoneSimulator.Deploy.0 = Release|Any CPU
		{1A678EF4-9401-45F7-88E0-26D5BBA69F6E}.Ad-Hoc|x64.ActiveCfg = Release|Any CPU
		{1A678EF4-9401-45F7-88E0-26D5BBA69F6E}.Ad-Hoc|x64.Build.0 = Release|Any CPU
		{1A678EF4-9401-45F7-88E0-26D5BBA69F6E}.Ad-Hoc|x64.Deploy.0 = Release|Any CPU
		{1A678EF4-9401-45F7-88E0-26D5BBA69F6E}.Ad-Hoc|x86.ActiveCfg = Release|Any CPU
		{1A678EF4-9401-45F7-88E0-26D5BBA69F6E}.Ad-Hoc|x86.Build.0 = Release|Any CPU
		{1A678EF4-9401-45F7-88E0-26D5BBA69F6E}.Ad-Hoc|x86.Deploy.0 = Release|Any CPU
		{1A678EF4-9401-45F7-88E0-26D5BBA69F6E}.AppStore|Any CPU.ActiveCfg = Release|Any CPU
		{1A678EF4-9401-45F7-88E0-26D5BBA69F6E}.AppStore|Any CPU.Build.0 = Release|Any CPU
		{1A678EF4-9401-45F7-88E0-26D5BBA69F6E}.AppStore|Any CPU.Deploy.0 = Release|Any CPU
		{1A678EF4-9401-45F7-88E0-26D5BBA69F6E}.AppStore|ARM.ActiveCfg = Release|Any CPU
		{1A678EF4-9401-45F7-88E0-26D5BBA69F6E}.AppStore|ARM.Build.0 = Release|Any CPU
		{1A678EF4-9401-45F7-88E0-26D5BBA69F6E}.AppStore|ARM.Deploy.0 = Release|Any CPU
		{1A678EF4-9401-45F7-88E0-26D5BBA69F6E}.AppStore|iPhone.ActiveCfg = Release|Any CPU
		{1A678EF4-9401-45F7-88E0-26D5BBA69F6E}.AppStore|iPhone.Build.0 = Release|Any CPU
		{1A678EF4-9401-45F7-88E0-26D5BBA69F6E}.AppStore|iPhone.Deploy.0 = Release|Any CPU
		{1A678EF4-9401-45F7-88E0-26D5BBA69F6E}.AppStore|iPhoneSimulator.ActiveCfg = Release|Any CPU
		{1A678EF4-9401-45F7-88E0-26D5BBA69F6E}.AppStore|iPhoneSimulator.Build.0 = Release|Any CPU
		{1A678EF4-9401-45F7-88E0-26D5BBA69F6E}.AppStore|iPhoneSimulator.Deploy.0 = Release|Any CPU
		{1A678EF4-9401-45F7-88E0-26D5BBA69F6E}.AppStore|x64.ActiveCfg = Release|Any CPU
		{1A678EF4-9401-45F7-88E0-26D5BBA69F6E}.AppStore|x64.Build.0 = Release|Any CPU
		{1A678EF4-9401-45F7-88E0-26D5BBA69F6E}.AppStore|x64.Deploy.0 = Release|Any CPU
		{1A678EF4-9401-45F7-88E0-26D5BBA69F6E}.AppStore|x86.ActiveCfg = Release|Any CPU
		{1A678EF4-9401-45F7-88E0-26D5BBA69F6E}.AppStore|x86.Build.0 = Release|Any CPU
		{1A678EF4-9401-45F7-88E0-26D5BBA69F6E}.AppStore|x86.Deploy.0 = Release|Any CPU
		{1A678EF4-9401-45F7-88E0-26D5BBA69F6E}.Debug|Any CPU.ActiveCfg = Debug|Any CPU
		{1A678EF4-9401-45F7-88E0-26D5BBA69F6E}.Debug|Any CPU.Build.0 = Debug|Any CPU
		{1A678EF4-9401-45F7-88E0-26D5BBA69F6E}.Debug|Any CPU.Deploy.0 = Debug|Any CPU
		{1A678EF4-9401-45F7-88E0-26D5BBA69F6E}.Debug|ARM.ActiveCfg = Debug|Any CPU
		{1A678EF4-9401-45F7-88E0-26D5BBA69F6E}.Debug|ARM.Build.0 = Debug|Any CPU
		{1A678EF4-9401-45F7-88E0-26D5BBA69F6E}.Debug|ARM.Deploy.0 = Debug|Any CPU
		{1A678EF4-9401-45F7-88E0-26D5BBA69F6E}.Debug|iPhone.ActiveCfg = Debug|Any CPU
		{1A678EF4-9401-45F7-88E0-26D5BBA69F6E}.Debug|iPhone.Build.0 = Debug|Any CPU
		{1A678EF4-9401-45F7-88E0-26D5BBA69F6E}.Debug|iPhone.Deploy.0 = Debug|Any CPU
		{1A678EF4-9401-45F7-88E0-26D5BBA69F6E}.Debug|iPhoneSimulator.ActiveCfg = Debug|Any CPU
		{1A678EF4-9401-45F7-88E0-26D5BBA69F6E}.Debug|iPhoneSimulator.Build.0 = Debug|Any CPU
		{1A678EF4-9401-45F7-88E0-26D5BBA69F6E}.Debug|iPhoneSimulator.Deploy.0 = Debug|Any CPU
		{1A678EF4-9401-45F7-88E0-26D5BBA69F6E}.Debug|x64.ActiveCfg = Debug|Any CPU
		{1A678EF4-9401-45F7-88E0-26D5BBA69F6E}.Debug|x64.Build.0 = Debug|Any CPU
		{1A678EF4-9401-45F7-88E0-26D5BBA69F6E}.Debug|x64.Deploy.0 = Debug|Any CPU
		{1A678EF4-9401-45F7-88E0-26D5BBA69F6E}.Debug|x86.ActiveCfg = Debug|Any CPU
		{1A678EF4-9401-45F7-88E0-26D5BBA69F6E}.Debug|x86.Build.0 = Debug|Any CPU
		{1A678EF4-9401-45F7-88E0-26D5BBA69F6E}.Debug|x86.Deploy.0 = Debug|Any CPU
		{1A678EF4-9401-45F7-88E0-26D5BBA69F6E}.Release|Any CPU.ActiveCfg = Release|Any CPU
		{1A678EF4-9401-45F7-88E0-26D5BBA69F6E}.Release|Any CPU.Build.0 = Release|Any CPU
		{1A678EF4-9401-45F7-88E0-26D5BBA69F6E}.Release|Any CPU.Deploy.0 = Release|Any CPU
		{1A678EF4-9401-45F7-88E0-26D5BBA69F6E}.Release|ARM.ActiveCfg = Release|Any CPU
		{1A678EF4-9401-45F7-88E0-26D5BBA69F6E}.Release|ARM.Build.0 = Release|Any CPU
		{1A678EF4-9401-45F7-88E0-26D5BBA69F6E}.Release|ARM.Deploy.0 = Release|Any CPU
		{1A678EF4-9401-45F7-88E0-26D5BBA69F6E}.Release|iPhone.ActiveCfg = Release|Any CPU
		{1A678EF4-9401-45F7-88E0-26D5BBA69F6E}.Release|iPhone.Build.0 = Release|Any CPU
		{1A678EF4-9401-45F7-88E0-26D5BBA69F6E}.Release|iPhone.Deploy.0 = Release|Any CPU
		{1A678EF4-9401-45F7-88E0-26D5BBA69F6E}.Release|iPhoneSimulator.ActiveCfg = Release|Any CPU
		{1A678EF4-9401-45F7-88E0-26D5BBA69F6E}.Release|iPhoneSimulator.Build.0 = Release|Any CPU
		{1A678EF4-9401-45F7-88E0-26D5BBA69F6E}.Release|iPhoneSimulator.Deploy.0 = Release|Any CPU
		{1A678EF4-9401-45F7-88E0-26D5BBA69F6E}.Release|x64.ActiveCfg = Release|Any CPU
		{1A678EF4-9401-45F7-88E0-26D5BBA69F6E}.Release|x64.Build.0 = Release|Any CPU
		{1A678EF4-9401-45F7-88E0-26D5BBA69F6E}.Release|x64.Deploy.0 = Release|Any CPU
		{1A678EF4-9401-45F7-88E0-26D5BBA69F6E}.Release|x86.ActiveCfg = Release|Any CPU
		{1A678EF4-9401-45F7-88E0-26D5BBA69F6E}.Release|x86.Build.0 = Release|Any CPU
		{1A678EF4-9401-45F7-88E0-26D5BBA69F6E}.Release|x86.Deploy.0 = Release|Any CPU
		{FA71F7A3-FDF4-4DE9-9678-757964603151}.Ad-Hoc|Any CPU.ActiveCfg = Ad-Hoc|iPhone
		{FA71F7A3-FDF4-4DE9-9678-757964603151}.Ad-Hoc|ARM.ActiveCfg = Ad-Hoc|iPhone
		{FA71F7A3-FDF4-4DE9-9678-757964603151}.Ad-Hoc|iPhone.ActiveCfg = Ad-Hoc|iPhone
		{FA71F7A3-FDF4-4DE9-9678-757964603151}.Ad-Hoc|iPhone.Build.0 = Ad-Hoc|iPhone
		{FA71F7A3-FDF4-4DE9-9678-757964603151}.Ad-Hoc|iPhoneSimulator.ActiveCfg = Ad-Hoc|iPhoneSimulator
		{FA71F7A3-FDF4-4DE9-9678-757964603151}.Ad-Hoc|iPhoneSimulator.Build.0 = Ad-Hoc|iPhoneSimulator
		{FA71F7A3-FDF4-4DE9-9678-757964603151}.Ad-Hoc|x64.ActiveCfg = Ad-Hoc|iPhone
		{FA71F7A3-FDF4-4DE9-9678-757964603151}.Ad-Hoc|x86.ActiveCfg = Ad-Hoc|iPhone
		{FA71F7A3-FDF4-4DE9-9678-757964603151}.AppStore|Any CPU.ActiveCfg = AppStore|iPhone
		{FA71F7A3-FDF4-4DE9-9678-757964603151}.AppStore|ARM.ActiveCfg = AppStore|iPhone
		{FA71F7A3-FDF4-4DE9-9678-757964603151}.AppStore|iPhone.ActiveCfg = AppStore|iPhone
		{FA71F7A3-FDF4-4DE9-9678-757964603151}.AppStore|iPhone.Build.0 = AppStore|iPhone
		{FA71F7A3-FDF4-4DE9-9678-757964603151}.AppStore|iPhoneSimulator.ActiveCfg = AppStore|iPhoneSimulator
		{FA71F7A3-FDF4-4DE9-9678-757964603151}.AppStore|iPhoneSimulator.Build.0 = AppStore|iPhoneSimulator
		{FA71F7A3-FDF4-4DE9-9678-757964603151}.AppStore|x64.ActiveCfg = AppStore|iPhone
		{FA71F7A3-FDF4-4DE9-9678-757964603151}.AppStore|x86.ActiveCfg = AppStore|iPhone
		{FA71F7A3-FDF4-4DE9-9678-757964603151}.Debug|Any CPU.ActiveCfg = Debug|iPhone
		{FA71F7A3-FDF4-4DE9-9678-757964603151}.Debug|ARM.ActiveCfg = Debug|iPhone
		{FA71F7A3-FDF4-4DE9-9678-757964603151}.Debug|iPhone.ActiveCfg = Debug|iPhone
		{FA71F7A3-FDF4-4DE9-9678-757964603151}.Debug|iPhone.Build.0 = Debug|iPhone
		{FA71F7A3-FDF4-4DE9-9678-757964603151}.Debug|iPhoneSimulator.ActiveCfg = Debug|iPhoneSimulator
		{FA71F7A3-FDF4-4DE9-9678-757964603151}.Debug|iPhoneSimulator.Build.0 = Debug|iPhoneSimulator
		{FA71F7A3-FDF4-4DE9-9678-757964603151}.Debug|x64.ActiveCfg = Debug|iPhone
		{FA71F7A3-FDF4-4DE9-9678-757964603151}.Debug|x86.ActiveCfg = Debug|iPhone
		{FA71F7A3-FDF4-4DE9-9678-757964603151}.Release|Any CPU.ActiveCfg = Release|iPhone
		{FA71F7A3-FDF4-4DE9-9678-757964603151}.Release|ARM.ActiveCfg = Release|iPhone
		{FA71F7A3-FDF4-4DE9-9678-757964603151}.Release|iPhone.ActiveCfg = Release|iPhone
		{FA71F7A3-FDF4-4DE9-9678-757964603151}.Release|iPhone.Build.0 = Release|iPhone
		{FA71F7A3-FDF4-4DE9-9678-757964603151}.Release|iPhoneSimulator.ActiveCfg = Release|iPhoneSimulator
		{FA71F7A3-FDF4-4DE9-9678-757964603151}.Release|iPhoneSimulator.Build.0 = Release|iPhoneSimulator
		{FA71F7A3-FDF4-4DE9-9678-757964603151}.Release|x64.ActiveCfg = Release|iPhone
		{FA71F7A3-FDF4-4DE9-9678-757964603151}.Release|x86.ActiveCfg = Release|iPhone
		{0AB6B073-2F74-4FA1-81A2-9293B38C5FC6}.Ad-Hoc|Any CPU.ActiveCfg = Release|x86
		{0AB6B073-2F74-4FA1-81A2-9293B38C5FC6}.Ad-Hoc|Any CPU.Build.0 = Release|x86
		{0AB6B073-2F74-4FA1-81A2-9293B38C5FC6}.Ad-Hoc|Any CPU.Deploy.0 = Release|x86
		{0AB6B073-2F74-4FA1-81A2-9293B38C5FC6}.Ad-Hoc|ARM.ActiveCfg = Release|ARM
		{0AB6B073-2F74-4FA1-81A2-9293B38C5FC6}.Ad-Hoc|ARM.Build.0 = Release|ARM
		{0AB6B073-2F74-4FA1-81A2-9293B38C5FC6}.Ad-Hoc|ARM.Deploy.0 = Release|ARM
		{0AB6B073-2F74-4FA1-81A2-9293B38C5FC6}.Ad-Hoc|iPhone.ActiveCfg = Release|x86
		{0AB6B073-2F74-4FA1-81A2-9293B38C5FC6}.Ad-Hoc|iPhone.Build.0 = Release|x86
		{0AB6B073-2F74-4FA1-81A2-9293B38C5FC6}.Ad-Hoc|iPhone.Deploy.0 = Release|x86
		{0AB6B073-2F74-4FA1-81A2-9293B38C5FC6}.Ad-Hoc|iPhoneSimulator.ActiveCfg = Release|x86
		{0AB6B073-2F74-4FA1-81A2-9293B38C5FC6}.Ad-Hoc|iPhoneSimulator.Build.0 = Release|x86
		{0AB6B073-2F74-4FA1-81A2-9293B38C5FC6}.Ad-Hoc|iPhoneSimulator.Deploy.0 = Release|x86
		{0AB6B073-2F74-4FA1-81A2-9293B38C5FC6}.Ad-Hoc|x64.ActiveCfg = Release|x64
		{0AB6B073-2F74-4FA1-81A2-9293B38C5FC6}.Ad-Hoc|x64.Build.0 = Release|x64
		{0AB6B073-2F74-4FA1-81A2-9293B38C5FC6}.Ad-Hoc|x64.Deploy.0 = Release|x64
		{0AB6B073-2F74-4FA1-81A2-9293B38C5FC6}.Ad-Hoc|x86.ActiveCfg = Release|x86
		{0AB6B073-2F74-4FA1-81A2-9293B38C5FC6}.Ad-Hoc|x86.Build.0 = Release|x86
		{0AB6B073-2F74-4FA1-81A2-9293B38C5FC6}.Ad-Hoc|x86.Deploy.0 = Release|x86
		{0AB6B073-2F74-4FA1-81A2-9293B38C5FC6}.AppStore|Any CPU.ActiveCfg = Release|x86
		{0AB6B073-2F74-4FA1-81A2-9293B38C5FC6}.AppStore|Any CPU.Build.0 = Release|x86
		{0AB6B073-2F74-4FA1-81A2-9293B38C5FC6}.AppStore|Any CPU.Deploy.0 = Release|x86
		{0AB6B073-2F74-4FA1-81A2-9293B38C5FC6}.AppStore|ARM.ActiveCfg = Release|ARM
		{0AB6B073-2F74-4FA1-81A2-9293B38C5FC6}.AppStore|ARM.Build.0 = Release|ARM
		{0AB6B073-2F74-4FA1-81A2-9293B38C5FC6}.AppStore|ARM.Deploy.0 = Release|ARM
		{0AB6B073-2F74-4FA1-81A2-9293B38C5FC6}.AppStore|iPhone.ActiveCfg = Release|x86
		{0AB6B073-2F74-4FA1-81A2-9293B38C5FC6}.AppStore|iPhone.Build.0 = Release|x86
		{0AB6B073-2F74-4FA1-81A2-9293B38C5FC6}.AppStore|iPhone.Deploy.0 = Release|x86
		{0AB6B073-2F74-4FA1-81A2-9293B38C5FC6}.AppStore|iPhoneSimulator.ActiveCfg = Release|x86
		{0AB6B073-2F74-4FA1-81A2-9293B38C5FC6}.AppStore|iPhoneSimulator.Build.0 = Release|x86
		{0AB6B073-2F74-4FA1-81A2-9293B38C5FC6}.AppStore|iPhoneSimulator.Deploy.0 = Release|x86
		{0AB6B073-2F74-4FA1-81A2-9293B38C5FC6}.AppStore|x64.ActiveCfg = Release|x64
		{0AB6B073-2F74-4FA1-81A2-9293B38C5FC6}.AppStore|x64.Build.0 = Release|x64
		{0AB6B073-2F74-4FA1-81A2-9293B38C5FC6}.AppStore|x64.Deploy.0 = Release|x64
		{0AB6B073-2F74-4FA1-81A2-9293B38C5FC6}.AppStore|x86.ActiveCfg = Release|x86
		{0AB6B073-2F74-4FA1-81A2-9293B38C5FC6}.AppStore|x86.Build.0 = Release|x86
		{0AB6B073-2F74-4FA1-81A2-9293B38C5FC6}.AppStore|x86.Deploy.0 = Release|x86
		{0AB6B073-2F74-4FA1-81A2-9293B38C5FC6}.Debug|Any CPU.ActiveCfg = Debug|x86
		{0AB6B073-2F74-4FA1-81A2-9293B38C5FC6}.Debug|ARM.ActiveCfg = Debug|ARM
		{0AB6B073-2F74-4FA1-81A2-9293B38C5FC6}.Debug|ARM.Build.0 = Debug|ARM
		{0AB6B073-2F74-4FA1-81A2-9293B38C5FC6}.Debug|ARM.Deploy.0 = Debug|ARM
		{0AB6B073-2F74-4FA1-81A2-9293B38C5FC6}.Debug|iPhone.ActiveCfg = Debug|x86
		{0AB6B073-2F74-4FA1-81A2-9293B38C5FC6}.Debug|iPhoneSimulator.ActiveCfg = Debug|x86
		{0AB6B073-2F74-4FA1-81A2-9293B38C5FC6}.Debug|x64.ActiveCfg = Debug|x64
		{0AB6B073-2F74-4FA1-81A2-9293B38C5FC6}.Debug|x64.Build.0 = Debug|x64
		{0AB6B073-2F74-4FA1-81A2-9293B38C5FC6}.Debug|x64.Deploy.0 = Debug|x64
		{0AB6B073-2F74-4FA1-81A2-9293B38C5FC6}.Debug|x86.ActiveCfg = Debug|x86
		{0AB6B073-2F74-4FA1-81A2-9293B38C5FC6}.Debug|x86.Build.0 = Debug|x86
		{0AB6B073-2F74-4FA1-81A2-9293B38C5FC6}.Debug|x86.Deploy.0 = Debug|x86
		{0AB6B073-2F74-4FA1-81A2-9293B38C5FC6}.Release|Any CPU.ActiveCfg = Release|x86
		{0AB6B073-2F74-4FA1-81A2-9293B38C5FC6}.Release|ARM.ActiveCfg = Release|ARM
		{0AB6B073-2F74-4FA1-81A2-9293B38C5FC6}.Release|ARM.Build.0 = Release|ARM
		{0AB6B073-2F74-4FA1-81A2-9293B38C5FC6}.Release|ARM.Deploy.0 = Release|ARM
		{0AB6B073-2F74-4FA1-81A2-9293B38C5FC6}.Release|iPhone.ActiveCfg = Release|x86
		{0AB6B073-2F74-4FA1-81A2-9293B38C5FC6}.Release|iPhoneSimulator.ActiveCfg = Release|x86
		{0AB6B073-2F74-4FA1-81A2-9293B38C5FC6}.Release|x64.ActiveCfg = Release|x64
		{0AB6B073-2F74-4FA1-81A2-9293B38C5FC6}.Release|x64.Build.0 = Release|x64
		{0AB6B073-2F74-4FA1-81A2-9293B38C5FC6}.Release|x64.Deploy.0 = Release|x64
		{0AB6B073-2F74-4FA1-81A2-9293B38C5FC6}.Release|x86.ActiveCfg = Release|x86
		{0AB6B073-2F74-4FA1-81A2-9293B38C5FC6}.Release|x86.Build.0 = Release|x86
		{0AB6B073-2F74-4FA1-81A2-9293B38C5FC6}.Release|x86.Deploy.0 = Release|x86
	EndGlobalSection
	GlobalSection(SolutionProperties) = preSolution
		HideSolutionNode = FALSE
	EndGlobalSection
	GlobalSection(ExtensibilityGlobals) = postSolution
		EnterpriseLibraryConfigurationToolBinariesPathV6 = packages\EnterpriseLibrary.TransientFaultHandling.6.0.1304.0\lib\portable-net45+win+wp8
	EndGlobalSection
EndGlobal
