
Microsoft Visual Studio Solution File, Format Version 12.00
# Visual Studio 14
VisualStudioVersion = 14.0.25420.1
MinimumVisualStudioVersion = 10.0.40219.1
Project("{00D1A9C2-B5F0-4AF3-8072-F6C62B433612}") = "dispatch-data", "dispatch-data.sqlproj", "{B48F0B3A-B3A3-4BEE-99F9-55F82C54FFDC}"
EndProject
Global
	GlobalSection(SolutionConfigurationPlatforms) = preSolution
		Debug|Any CPU = Debug|Any CPU
		Release|Any CPU = Release|Any CPU
	EndGlobalSection
	GlobalSection(ProjectConfigurationPlatforms) = postSolution
		{B48F0B3A-B3A3-4BEE-99F9-55F82C54FFDC}.Debug|Any CPU.ActiveCfg = Debug|Any CPU
		{B48F0B3A-B3A3-4BEE-99F9-55F82C54FFDC}.Debug|Any CPU.Build.0 = Debug|Any CPU
		{B48F0B3A-B3A3-4BEE-99F9-55F82C54FFDC}.Debug|Any CPU.Deploy.0 = Debug|Any CPU
		{B48F0B3A-B3A3-4BEE-99F9-55F82C54FFDC}.Release|Any CPU.ActiveCfg = Release|Any CPU
		{B48F0B3A-B3A3-4BEE-99F9-55F82C54FFDC}.Release|Any CPU.Build.0 = Release|Any CPU
		{B48F0B3A-B3A3-4BEE-99F9-55F82C54FFDC}.Release|Any CPU.Deploy.0 = Release|Any CPU
	EndGlobalSection
	GlobalSection(SolutionProperties) = preSolution
		HideSolutionNode = FALSE
	EndGlobalSection
EndGlobal
