
Microsoft Visual Studio Solution File, Format Version 12.00
# Visual Studio 14
VisualStudioVersion = 14.0.25420.1
MinimumVisualStudioVersion = 10.0.40219.1
Project("{D954291E-2A0B-460D-934E-DC6B0785DB48}") = "dispatch", "dispatch\dispatch.shproj", "{E7C80112-004E-497D-A74E-3C7E112B56EB}"
EndProject
Project("{FAE04EC0-301F-11D3-BF4B-00C04F79EFBC}") = "dispatch.Droid", "dispatch.Droid\dispatch.Droid.csproj", "{5202DE9D-D28D-4A6E-BAA6-B078EE35FC87}"
EndProject
Project("{FAE04EC0-301F-11D3-BF4B-00C04F79EFBC}") = "dispatch.iOS", "dispatch.iOS\dispatch.iOS.csproj", "{43B3779B-F6D3-4F62-AEAC-A05E56663866}"
EndProject
Project("{FAE04EC0-301F-11D3-BF4B-00C04F79EFBC}") = "dispatch.UWP", "dispatch.UWP\dispatch.UWP.csproj", "{E83BE9CE-8952-4107-8AAD-E0BA99F9FEA7}"
EndProject
Global
	GlobalSection(SharedMSBuildProjectFiles) = preSolution
		dispatch\App2.projitems*{e7c80112-004e-497d-a74e-3c7e112b56eb}*SharedItemsImports = 13
	EndGlobalSection
	GlobalSection(SolutionConfigurationPlatforms) = preSolution
		Ad-Hoc|Any CPU = Ad-Hoc|Any CPU
		Ad-Hoc|ARM = Ad-Hoc|ARM
		Ad-Hoc|iPhone = Ad-Hoc|iPhone
		Ad-Hoc|iPhoneSimulator = Ad-Hoc|iPhoneSimulator
		Ad-Hoc|x64 = Ad-Hoc|x64
		Ad-Hoc|x86 = Ad-Hoc|x86
		AppStore|Any CPU = AppStore|Any CPU
		AppStore|ARM = AppStore|ARM
		AppStore|iPhone = AppStore|iPhone
		AppStore|iPhoneSimulator = AppStore|iPhoneSimulator
		AppStore|x64 = AppStore|x64
		AppStore|x86 = AppStore|x86
		Debug|Any CPU = Debug|Any CPU
		Debug|ARM = Debug|ARM
		Debug|iPhone = Debug|iPhone
		Debug|iPhoneSimulator = Debug|iPhoneSimulator
		Debug|x64 = Debug|x64
		Debug|x86 = Debug|x86
		Release|Any CPU = Release|Any CPU
		Release|ARM = Release|ARM
		Release|iPhone = Release|iPhone
		Release|iPhoneSimulator = Release|iPhoneSimulator
		Release|x64 = Release|x64
		Release|x86 = Release|x86
	EndGlobalSection
	GlobalSection(ProjectConfigurationPlatforms) = postSolution
		{5202DE9D-D28D-4A6E-BAA6-B078EE35FC87}.Ad-Hoc|Any CPU.ActiveCfg = Release|Any CPU
		{5202DE9D-D28D-4A6E-BAA6-B078EE35FC87}.Ad-Hoc|Any CPU.Build.0 = Release|Any CPU
		{5202DE9D-D28D-4A6E-BAA6-B078EE35FC87}.Ad-Hoc|Any CPU.Deploy.0 = Release|Any CPU
		{5202DE9D-D28D-4A6E-BAA6-B078EE35FC87}.Ad-Hoc|ARM.ActiveCfg = Release|Any CPU
		{5202DE9D-D28D-4A6E-BAA6-B078EE35FC87}.Ad-Hoc|ARM.Build.0 = Release|Any CPU
		{5202DE9D-D28D-4A6E-BAA6-B078EE35FC87}.Ad-Hoc|ARM.Deploy.0 = Release|Any CPU
		{5202DE9D-D28D-4A6E-BAA6-B078EE35FC87}.Ad-Hoc|iPhone.ActiveCfg = Release|Any CPU
		{5202DE9D-D28D-4A6E-BAA6-B078EE35FC87}.Ad-Hoc|iPhone.Build.0 = Release|Any CPU
		{5202DE9D-D28D-4A6E-BAA6-B078EE35FC87}.Ad-Hoc|iPhone.Deploy.0 = Release|Any CPU
		{5202DE9D-D28D-4A6E-BAA6-B078EE35FC87}.Ad-Hoc|iPhoneSimulator.ActiveCfg = Release|Any CPU
		{5202DE9D-D28D-4A6E-BAA6-B078EE35FC87}.Ad-Hoc|iPhoneSimulator.Build.0 = Release|Any CPU
		{5202DE9D-D28D-4A6E-BAA6-B078EE35FC87}.Ad-Hoc|iPhoneSimulator.Deploy.0 = Release|Any CPU
		{5202DE9D-D28D-4A6E-BAA6-B078EE35FC87}.Ad-Hoc|x64.ActiveCfg = Release|Any CPU
		{5202DE9D-D28D-4A6E-BAA6-B078EE35FC87}.Ad-Hoc|x64.Build.0 = Release|Any CPU
		{5202DE9D-D28D-4A6E-BAA6-B078EE35FC87}.Ad-Hoc|x64.Deploy.0 = Release|Any CPU
		{5202DE9D-D28D-4A6E-BAA6-B078EE35FC87}.Ad-Hoc|x86.ActiveCfg = Release|Any CPU
		{5202DE9D-D28D-4A6E-BAA6-B078EE35FC87}.Ad-Hoc|x86.Build.0 = Release|Any CPU
		{5202DE9D-D28D-4A6E-BAA6-B078EE35FC87}.Ad-Hoc|x86.Deploy.0 = Release|Any CPU
		{5202DE9D-D28D-4A6E-BAA6-B078EE35FC87}.AppStore|Any CPU.ActiveCfg = Release|Any CPU
		{5202DE9D-D28D-4A6E-BAA6-B078EE35FC87}.AppStore|Any CPU.Build.0 = Release|Any CPU
		{5202DE9D-D28D-4A6E-BAA6-B078EE35FC87}.AppStore|Any CPU.Deploy.0 = Release|Any CPU
		{5202DE9D-D28D-4A6E-BAA6-B078EE35FC87}.AppStore|ARM.ActiveCfg = Release|Any CPU
		{5202DE9D-D28D-4A6E-BAA6-B078EE35FC87}.AppStore|ARM.Build.0 = Release|Any CPU
		{5202DE9D-D28D-4A6E-BAA6-B078EE35FC87}.AppStore|ARM.Deploy.0 = Release|Any CPU
		{5202DE9D-D28D-4A6E-BAA6-B078EE35FC87}.AppStore|iPhone.ActiveCfg = Release|Any CPU
		{5202DE9D-D28D-4A6E-BAA6-B078EE35FC87}.AppStore|iPhone.Build.0 = Release|Any CPU
		{5202DE9D-D28D-4A6E-BAA6-B078EE35FC87}.AppStore|iPhone.Deploy.0 = Release|Any CPU
		{5202DE9D-D28D-4A6E-BAA6-B078EE35FC87}.AppStore|iPhoneSimulator.ActiveCfg = Release|Any CPU
		{5202DE9D-D28D-4A6E-BAA6-B078EE35FC87}.AppStore|iPhoneSimulator.Build.0 = Release|Any CPU
		{5202DE9D-D28D-4A6E-BAA6-B078EE35FC87}.AppStore|iPhoneSimulator.Deploy.0 = Release|Any CPU
		{5202DE9D-D28D-4A6E-BAA6-B078EE35FC87}.AppStore|x64.ActiveCfg = Release|Any CPU
		{5202DE9D-D28D-4A6E-BAA6-B078EE35FC87}.AppStore|x64.Build.0 = Release|Any CPU
		{5202DE9D-D28D-4A6E-BAA6-B078EE35FC87}.AppStore|x64.Deploy.0 = Release|Any CPU
		{5202DE9D-D28D-4A6E-BAA6-B078EE35FC87}.AppStore|x86.ActiveCfg = Release|Any CPU
		{5202DE9D-D28D-4A6E-BAA6-B078EE35FC87}.AppStore|x86.Build.0 = Release|Any CPU
		{5202DE9D-D28D-4A6E-BAA6-B078EE35FC87}.AppStore|x86.Deploy.0 = Release|Any CPU
		{5202DE9D-D28D-4A6E-BAA6-B078EE35FC87}.Debug|Any CPU.ActiveCfg = Debug|Any CPU
		{5202DE9D-D28D-4A6E-BAA6-B078EE35FC87}.Debug|Any CPU.Build.0 = Debug|Any CPU
		{5202DE9D-D28D-4A6E-BAA6-B078EE35FC87}.Debug|Any CPU.Deploy.0 = Debug|Any CPU
		{5202DE9D-D28D-4A6E-BAA6-B078EE35FC87}.Debug|ARM.ActiveCfg = Debug|Any CPU
		{5202DE9D-D28D-4A6E-BAA6-B078EE35FC87}.Debug|ARM.Build.0 = Debug|Any CPU
		{5202DE9D-D28D-4A6E-BAA6-B078EE35FC87}.Debug|ARM.Deploy.0 = Debug|Any CPU
		{5202DE9D-D28D-4A6E-BAA6-B078EE35FC87}.Debug|iPhone.ActiveCfg = Debug|Any CPU
		{5202DE9D-D28D-4A6E-BAA6-B078EE35FC87}.Debug|iPhone.Build.0 = Debug|Any CPU
		{5202DE9D-D28D-4A6E-BAA6-B078EE35FC87}.Debug|iPhone.Deploy.0 = Debug|Any CPU
		{5202DE9D-D28D-4A6E-BAA6-B078EE35FC87}.Debug|iPhoneSimulator.ActiveCfg = Debug|Any CPU
		{5202DE9D-D28D-4A6E-BAA6-B078EE35FC87}.Debug|iPhoneSimulator.Build.0 = Debug|Any CPU
		{5202DE9D-D28D-4A6E-BAA6-B078EE35FC87}.Debug|iPhoneSimulator.Deploy.0 = Debug|Any CPU
		{5202DE9D-D28D-4A6E-BAA6-B078EE35FC87}.Debug|x64.ActiveCfg = Debug|Any CPU
		{5202DE9D-D28D-4A6E-BAA6-B078EE35FC87}.Debug|x64.Build.0 = Debug|Any CPU
		{5202DE9D-D28D-4A6E-BAA6-B078EE35FC87}.Debug|x64.Deploy.0 = Debug|Any CPU
		{5202DE9D-D28D-4A6E-BAA6-B078EE35FC87}.Debug|x86.ActiveCfg = Debug|Any CPU
		{5202DE9D-D28D-4A6E-BAA6-B078EE35FC87}.Debug|x86.Build.0 = Debug|Any CPU
		{5202DE9D-D28D-4A6E-BAA6-B078EE35FC87}.Debug|x86.Deploy.0 = Debug|Any CPU
		{5202DE9D-D28D-4A6E-BAA6-B078EE35FC87}.Release|Any CPU.ActiveCfg = Release|Any CPU
		{5202DE9D-D28D-4A6E-BAA6-B078EE35FC87}.Release|Any CPU.Build.0 = Release|Any CPU
		{5202DE9D-D28D-4A6E-BAA6-B078EE35FC87}.Release|Any CPU.Deploy.0 = Release|Any CPU
		{5202DE9D-D28D-4A6E-BAA6-B078EE35FC87}.Release|ARM.ActiveCfg = Release|Any CPU
		{5202DE9D-D28D-4A6E-BAA6-B078EE35FC87}.Release|ARM.Build.0 = Release|Any CPU
		{5202DE9D-D28D-4A6E-BAA6-B078EE35FC87}.Release|ARM.Deploy.0 = Release|Any CPU
		{5202DE9D-D28D-4A6E-BAA6-B078EE35FC87}.Release|iPhone.ActiveCfg = Release|Any CPU
		{5202DE9D-D28D-4A6E-BAA6-B078EE35FC87}.Release|iPhone.Build.0 = Release|Any CPU
		{5202DE9D-D28D-4A6E-BAA6-B078EE35FC87}.Release|iPhone.Deploy.0 = Release|Any CPU
		{5202DE9D-D28D-4A6E-BAA6-B078EE35FC87}.Release|iPhoneSimulator.ActiveCfg = Release|Any CPU
		{5202DE9D-D28D-4A6E-BAA6-B078EE35FC87}.Release|iPhoneSimulator.Build.0 = Release|Any CPU
		{5202DE9D-D28D-4A6E-BAA6-B078EE35FC87}.Release|iPhoneSimulator.Deploy.0 = Release|Any CPU
		{5202DE9D-D28D-4A6E-BAA6-B078EE35FC87}.Release|x64.ActiveCfg = Release|Any CPU
		{5202DE9D-D28D-4A6E-BAA6-B078EE35FC87}.Release|x64.Build.0 = Release|Any CPU
		{5202DE9D-D28D-4A6E-BAA6-B078EE35FC87}.Release|x64.Deploy.0 = Release|Any CPU
		{5202DE9D-D28D-4A6E-BAA6-B078EE35FC87}.Release|x86.ActiveCfg = Release|Any CPU
		{5202DE9D-D28D-4A6E-BAA6-B078EE35FC87}.Release|x86.Build.0 = Release|Any CPU
		{5202DE9D-D28D-4A6E-BAA6-B078EE35FC87}.Release|x86.Deploy.0 = Release|Any CPU
		{43B3779B-F6D3-4F62-AEAC-A05E56663866}.Ad-Hoc|Any CPU.ActiveCfg = Ad-Hoc|iPhone
		{43B3779B-F6D3-4F62-AEAC-A05E56663866}.Ad-Hoc|ARM.ActiveCfg = Ad-Hoc|iPhone
		{43B3779B-F6D3-4F62-AEAC-A05E56663866}.Ad-Hoc|iPhone.ActiveCfg = Ad-Hoc|iPhone
		{43B3779B-F6D3-4F62-AEAC-A05E56663866}.Ad-Hoc|iPhone.Build.0 = Ad-Hoc|iPhone
		{43B3779B-F6D3-4F62-AEAC-A05E56663866}.Ad-Hoc|iPhoneSimulator.ActiveCfg = Ad-Hoc|iPhoneSimulator
		{43B3779B-F6D3-4F62-AEAC-A05E56663866}.Ad-Hoc|iPhoneSimulator.Build.0 = Ad-Hoc|iPhoneSimulator
		{43B3779B-F6D3-4F62-AEAC-A05E56663866}.Ad-Hoc|x64.ActiveCfg = Ad-Hoc|iPhone
		{43B3779B-F6D3-4F62-AEAC-A05E56663866}.Ad-Hoc|x86.ActiveCfg = Ad-Hoc|iPhone
		{43B3779B-F6D3-4F62-AEAC-A05E56663866}.AppStore|Any CPU.ActiveCfg = AppStore|iPhone
		{43B3779B-F6D3-4F62-AEAC-A05E56663866}.AppStore|ARM.ActiveCfg = AppStore|iPhone
		{43B3779B-F6D3-4F62-AEAC-A05E56663866}.AppStore|iPhone.ActiveCfg = AppStore|iPhone
		{43B3779B-F6D3-4F62-AEAC-A05E56663866}.AppStore|iPhone.Build.0 = AppStore|iPhone
		{43B3779B-F6D3-4F62-AEAC-A05E56663866}.AppStore|iPhoneSimulator.ActiveCfg = AppStore|iPhoneSimulator
		{43B3779B-F6D3-4F62-AEAC-A05E56663866}.AppStore|iPhoneSimulator.Build.0 = AppStore|iPhoneSimulator
		{43B3779B-F6D3-4F62-AEAC-A05E56663866}.AppStore|x64.ActiveCfg = AppStore|iPhone
		{43B3779B-F6D3-4F62-AEAC-A05E56663866}.AppStore|x86.ActiveCfg = AppStore|iPhone
		{43B3779B-F6D3-4F62-AEAC-A05E56663866}.Debug|Any CPU.ActiveCfg = Debug|iPhone
		{43B3779B-F6D3-4F62-AEAC-A05E56663866}.Debug|ARM.ActiveCfg = Debug|iPhone
		{43B3779B-F6D3-4F62-AEAC-A05E56663866}.Debug|iPhone.ActiveCfg = Debug|iPhone
		{43B3779B-F6D3-4F62-AEAC-A05E56663866}.Debug|iPhone.Build.0 = Debug|iPhone
		{43B3779B-F6D3-4F62-AEAC-A05E56663866}.Debug|iPhoneSimulator.ActiveCfg = Debug|iPhoneSimulator
		{43B3779B-F6D3-4F62-AEAC-A05E56663866}.Debug|iPhoneSimulator.Build.0 = Debug|iPhoneSimulator
		{43B3779B-F6D3-4F62-AEAC-A05E56663866}.Debug|x64.ActiveCfg = Debug|iPhone
		{43B3779B-F6D3-4F62-AEAC-A05E56663866}.Debug|x86.ActiveCfg = Debug|iPhone
		{43B3779B-F6D3-4F62-AEAC-A05E56663866}.Release|Any CPU.ActiveCfg = Release|iPhone
		{43B3779B-F6D3-4F62-AEAC-A05E56663866}.Release|ARM.ActiveCfg = Release|iPhone
		{43B3779B-F6D3-4F62-AEAC-A05E56663866}.Release|iPhone.ActiveCfg = Release|iPhone
		{43B3779B-F6D3-4F62-AEAC-A05E56663866}.Release|iPhone.Build.0 = Release|iPhone
		{43B3779B-F6D3-4F62-AEAC-A05E56663866}.Release|iPhoneSimulator.ActiveCfg = Release|iPhoneSimulator
		{43B3779B-F6D3-4F62-AEAC-A05E56663866}.Release|iPhoneSimulator.Build.0 = Release|iPhoneSimulator
		{43B3779B-F6D3-4F62-AEAC-A05E56663866}.Release|x64.ActiveCfg = Release|iPhone
		{43B3779B-F6D3-4F62-AEAC-A05E56663866}.Release|x86.ActiveCfg = Release|iPhone
		{E83BE9CE-8952-4107-8AAD-E0BA99F9FEA7}.Ad-Hoc|Any CPU.ActiveCfg = Release|x86
		{E83BE9CE-8952-4107-8AAD-E0BA99F9FEA7}.Ad-Hoc|Any CPU.Build.0 = Release|x86
		{E83BE9CE-8952-4107-8AAD-E0BA99F9FEA7}.Ad-Hoc|Any CPU.Deploy.0 = Release|x86
		{E83BE9CE-8952-4107-8AAD-E0BA99F9FEA7}.Ad-Hoc|ARM.ActiveCfg = Release|ARM
		{E83BE9CE-8952-4107-8AAD-E0BA99F9FEA7}.Ad-Hoc|ARM.Build.0 = Release|ARM
		{E83BE9CE-8952-4107-8AAD-E0BA99F9FEA7}.Ad-Hoc|ARM.Deploy.0 = Release|ARM
		{E83BE9CE-8952-4107-8AAD-E0BA99F9FEA7}.Ad-Hoc|iPhone.ActiveCfg = Release|x86
		{E83BE9CE-8952-4107-8AAD-E0BA99F9FEA7}.Ad-Hoc|iPhone.Build.0 = Release|x86
		{E83BE9CE-8952-4107-8AAD-E0BA99F9FEA7}.Ad-Hoc|iPhone.Deploy.0 = Release|x86
		{E83BE9CE-8952-4107-8AAD-E0BA99F9FEA7}.Ad-Hoc|iPhoneSimulator.ActiveCfg = Release|x86
		{E83BE9CE-8952-4107-8AAD-E0BA99F9FEA7}.Ad-Hoc|iPhoneSimulator.Build.0 = Release|x86
		{E83BE9CE-8952-4107-8AAD-E0BA99F9FEA7}.Ad-Hoc|iPhoneSimulator.Deploy.0 = Release|x86
		{E83BE9CE-8952-4107-8AAD-E0BA99F9FEA7}.Ad-Hoc|x64.ActiveCfg = Release|x64
		{E83BE9CE-8952-4107-8AAD-E0BA99F9FEA7}.Ad-Hoc|x64.Build.0 = Release|x64
		{E83BE9CE-8952-4107-8AAD-E0BA99F9FEA7}.Ad-Hoc|x64.Deploy.0 = Release|x64
		{E83BE9CE-8952-4107-8AAD-E0BA99F9FEA7}.Ad-Hoc|x86.ActiveCfg = Release|x86
		{E83BE9CE-8952-4107-8AAD-E0BA99F9FEA7}.Ad-Hoc|x86.Build.0 = Release|x86
		{E83BE9CE-8952-4107-8AAD-E0BA99F9FEA7}.Ad-Hoc|x86.Deploy.0 = Release|x86
		{E83BE9CE-8952-4107-8AAD-E0BA99F9FEA7}.AppStore|Any CPU.ActiveCfg = Release|x86
		{E83BE9CE-8952-4107-8AAD-E0BA99F9FEA7}.AppStore|Any CPU.Build.0 = Release|x86
		{E83BE9CE-8952-4107-8AAD-E0BA99F9FEA7}.AppStore|Any CPU.Deploy.0 = Release|x86
		{E83BE9CE-8952-4107-8AAD-E0BA99F9FEA7}.AppStore|ARM.ActiveCfg = Release|ARM
		{E83BE9CE-8952-4107-8AAD-E0BA99F9FEA7}.AppStore|ARM.Build.0 = Release|ARM
		{E83BE9CE-8952-4107-8AAD-E0BA99F9FEA7}.AppStore|ARM.Deploy.0 = Release|ARM
		{E83BE9CE-8952-4107-8AAD-E0BA99F9FEA7}.AppStore|iPhone.ActiveCfg = Release|x86
		{E83BE9CE-8952-4107-8AAD-E0BA99F9FEA7}.AppStore|iPhone.Build.0 = Release|x86
		{E83BE9CE-8952-4107-8AAD-E0BA99F9FEA7}.AppStore|iPhone.Deploy.0 = Release|x86
		{E83BE9CE-8952-4107-8AAD-E0BA99F9FEA7}.AppStore|iPhoneSimulator.ActiveCfg = Release|x86
		{E83BE9CE-8952-4107-8AAD-E0BA99F9FEA7}.AppStore|iPhoneSimulator.Build.0 = Release|x86
		{E83BE9CE-8952-4107-8AAD-E0BA99F9FEA7}.AppStore|iPhoneSimulator.Deploy.0 = Release|x86
		{E83BE9CE-8952-4107-8AAD-E0BA99F9FEA7}.AppStore|x64.ActiveCfg = Release|x64
		{E83BE9CE-8952-4107-8AAD-E0BA99F9FEA7}.AppStore|x64.Build.0 = Release|x64
		{E83BE9CE-8952-4107-8AAD-E0BA99F9FEA7}.AppStore|x64.Deploy.0 = Release|x64
		{E83BE9CE-8952-4107-8AAD-E0BA99F9FEA7}.AppStore|x86.ActiveCfg = Release|x86
		{E83BE9CE-8952-4107-8AAD-E0BA99F9FEA7}.AppStore|x86.Build.0 = Release|x86
		{E83BE9CE-8952-4107-8AAD-E0BA99F9FEA7}.AppStore|x86.Deploy.0 = Release|x86
		{E83BE9CE-8952-4107-8AAD-E0BA99F9FEA7}.Debug|Any CPU.ActiveCfg = Debug|x86
		{E83BE9CE-8952-4107-8AAD-E0BA99F9FEA7}.Debug|ARM.ActiveCfg = Debug|ARM
		{E83BE9CE-8952-4107-8AAD-E0BA99F9FEA7}.Debug|ARM.Build.0 = Debug|ARM
		{E83BE9CE-8952-4107-8AAD-E0BA99F9FEA7}.Debug|ARM.Deploy.0 = Debug|ARM
		{E83BE9CE-8952-4107-8AAD-E0BA99F9FEA7}.Debug|iPhone.ActiveCfg = Debug|x86
		{E83BE9CE-8952-4107-8AAD-E0BA99F9FEA7}.Debug|iPhoneSimulator.ActiveCfg = Debug|x86
		{E83BE9CE-8952-4107-8AAD-E0BA99F9FEA7}.Debug|x64.ActiveCfg = Debug|x64
		{E83BE9CE-8952-4107-8AAD-E0BA99F9FEA7}.Debug|x64.Build.0 = Debug|x64
		{E83BE9CE-8952-4107-8AAD-E0BA99F9FEA7}.Debug|x64.Deploy.0 = Debug|x64
		{E83BE9CE-8952-4107-8AAD-E0BA99F9FEA7}.Debug|x86.ActiveCfg = Debug|x86
		{E83BE9CE-8952-4107-8AAD-E0BA99F9FEA7}.Debug|x86.Build.0 = Debug|x86
		{E83BE9CE-8952-4107-8AAD-E0BA99F9FEA7}.Debug|x86.Deploy.0 = Debug|x86
		{E83BE9CE-8952-4107-8AAD-E0BA99F9FEA7}.Release|Any CPU.ActiveCfg = Release|x86
		{E83BE9CE-8952-4107-8AAD-E0BA99F9FEA7}.Release|ARM.ActiveCfg = Release|ARM
		{E83BE9CE-8952-4107-8AAD-E0BA99F9FEA7}.Release|ARM.Build.0 = Release|ARM
		{E83BE9CE-8952-4107-8AAD-E0BA99F9FEA7}.Release|ARM.Deploy.0 = Release|ARM
		{E83BE9CE-8952-4107-8AAD-E0BA99F9FEA7}.Release|iPhone.ActiveCfg = Release|x86
		{E83BE9CE-8952-4107-8AAD-E0BA99F9FEA7}.Release|iPhoneSimulator.ActiveCfg = Release|x86
		{E83BE9CE-8952-4107-8AAD-E0BA99F9FEA7}.Release|x64.ActiveCfg = Release|x64
		{E83BE9CE-8952-4107-8AAD-E0BA99F9FEA7}.Release|x64.Build.0 = Release|x64
		{E83BE9CE-8952-4107-8AAD-E0BA99F9FEA7}.Release|x64.Deploy.0 = Release|x64
		{E83BE9CE-8952-4107-8AAD-E0BA99F9FEA7}.Release|x86.ActiveCfg = Release|x86
		{E83BE9CE-8952-4107-8AAD-E0BA99F9FEA7}.Release|x86.Build.0 = Release|x86
		{E83BE9CE-8952-4107-8AAD-E0BA99F9FEA7}.Release|x86.Deploy.0 = Release|x86
	EndGlobalSection
	GlobalSection(SolutionProperties) = preSolution
		HideSolutionNode = FALSE
	EndGlobalSection
EndGlobal
